
Microsoft Visual Studio Solution File, Format Version 12.00
# Visual Studio Version 17
VisualStudioVersion = 17.6.33815.320
MinimumVisualStudioVersion = 10.0.40219.1
Project("{FAE04EC0-301F-11D3-BF4B-00C04F79EFBC}") = "WpfApp2", "WpfApp2\WpfApp2.csproj", "{3C1CF411-BAC6-47F8-8040-0575DB3909FF}"
EndProject
Global
	GlobalSection(SolutionConfigurationPlatforms) = preSolution
		Debug|Any CPU = Debug|Any CPU
		Release|Any CPU = Release|Any CPU
	EndGlobalSection
	GlobalSection(ProjectConfigurationPlatforms) = postSolution
		{3C1CF411-BAC6-47F8-8040-0575DB3909FF}.Debug|Any CPU.ActiveCfg = Debug|Any CPU
		{3C1CF411-BAC6-47F8-8040-0575DB3909FF}.Debug|Any CPU.Build.0 = Debug|Any CPU
		{3C1CF411-BAC6-47F8-8040-0575DB3909FF}.Release|Any CPU.ActiveCfg = Release|Any CPU
		{3C1CF411-BAC6-47F8-8040-0575DB3909FF}.Release|Any CPU.Build.0 = Release|Any CPU
	EndGlobalSection
	GlobalSection(SolutionProperties) = preSolution
		HideSolutionNode = FALSE
	EndGlobalSection
	GlobalSection(ExtensibilityGlobals) = postSolution
		SolutionGuid = {54FBE71C-78A6-4B5A-ABA6-5166763C38B6}
	EndGlobalSection
EndGlobal
